
Microsoft Visual Studio Solution File, Format Version 12.00
# Visual Studio 15
VisualStudioVersion = 15.0.27130.2027
MinimumVisualStudioVersion = 10.0.40219.1
Project("{FAE04EC0-301F-11D3-BF4B-00C04F79EFBC}") = "Lambda_Event_ExtendMethod_Pj", "Lambda_Event_ExtendMethod_Pj\Lambda_Event_ExtendMethod_Pj.csproj", "{E821AFC6-BFCE-4520-8D20-B99FFB3CF893}"
EndProject
Global
	GlobalSection(SolutionConfigurationPlatforms) = preSolution
		Debug|Any CPU = Debug|Any CPU
		Release|Any CPU = Release|Any CPU
	EndGlobalSection
	GlobalSection(ProjectConfigurationPlatforms) = postSolution
		{E821AFC6-BFCE-4520-8D20-B99FFB3CF893}.Debug|Any CPU.ActiveCfg = Debug|Any CPU
		{E821AFC6-BFCE-4520-8D20-B99FFB3CF893}.Debug|Any CPU.Build.0 = Debug|Any CPU
		{E821AFC6-BFCE-4520-8D20-B99FFB3CF893}.Release|Any CPU.ActiveCfg = Release|Any CPU
		{E821AFC6-BFCE-4520-8D20-B99FFB3CF893}.Release|Any CPU.Build.0 = Release|Any CPU
	EndGlobalSection
	GlobalSection(SolutionProperties) = preSolution
		HideSolutionNode = FALSE
	EndGlobalSection
	GlobalSection(ExtensibilityGlobals) = postSolution
		SolutionGuid = {FA313159-4CAF-4996-8599-0131523F3555}
	EndGlobalSection
EndGlobal
